
Microsoft Visual Studio Solution File, Format Version 12.00
# Visual Studio Version 17
VisualStudioVersion = 17.0.31903.59
MinimumVisualStudioVersion = 10.0.40219.1
Project("{2150E333-8FDC-42A3-9474-1A3956D46DE8}") = "src", "src", "{827E0CD3-B72D-47B6-A68D-7590B98EB39B}"
EndProject
Project("{2150E333-8FDC-42A3-9474-1A3956D46DE8}") = "shared", "shared", "{B8E44D18-81B9-4EAB-9B39-26A7DBF26608}"
EndProject
Project("{FAE04EC0-301F-11D3-BF4B-00C04F79EFBC}") = "FlowFi.ApiGateway", "src\FlowFi.ApiGateway\FlowFi.ApiGateway.csproj", "{3E5DAFA1-FAA5-4B71-A7FD-6884286521C4}"
EndProject
Project("{FAE04EC0-301F-11D3-BF4B-00C04F79EFBC}") = "FlowFi.WebSocketGateway", "src\FlowFi.WebSocketGateway\FlowFi.WebSocketGateway.csproj", "{DC202B48-3203-4A2B-9FC3-53CD75FD5012}"
EndProject
Project("{FAE04EC0-301F-11D3-BF4B-00C04F79EFBC}") = "FlowFi.AuthUserService", "src\FlowFi.AuthUserService\FlowFi.AuthUserService.csproj", "{E4548B80-6C45-4C06-93FC-7D0C280E8F61}"
EndProject
Project("{FAE04EC0-301F-11D3-BF4B-00C04F79EFBC}") = "FlowFi.FinanceCoreService", "src\FlowFi.FinanceCoreService\FlowFi.FinanceCoreService.csproj", "{064E6847-47C4-435F-877E-864192525C0E}"
EndProject
Project("{FAE04EC0-301F-11D3-BF4B-00C04F79EFBC}") = "FlowFi.AIProcessingService", "src\FlowFi.AIProcessingService\FlowFi.AIProcessingService.csproj", "{D4159156-8FB0-4B2A-B641-B52A2976E62D}"
EndProject
Project("{FAE04EC0-301F-11D3-BF4B-00C04F79EFBC}") = "FlowFi.AnalyticsService", "src\FlowFi.AnalyticsService\FlowFi.AnalyticsService.csproj", "{607D0E36-3F0E-471B-A648-B57B4E9D8694}"
EndProject
Project("{FAE04EC0-301F-11D3-BF4B-00C04F79EFBC}") = "FlowFi.NotificationService", "src\FlowFi.NotificationService\FlowFi.NotificationService.csproj", "{3E030A3E-0038-4A06-8915-99539B07D8AD}"
EndProject
Project("{FAE04EC0-301F-11D3-BF4B-00C04F79EFBC}") = "FlowFi.Contracts", "shared\FlowFi.Contracts\FlowFi.Contracts.csproj", "{D3913E97-C676-42DD-800D-F2EB037FA9DC}"
EndProject
Project("{FAE04EC0-301F-11D3-BF4B-00C04F79EFBC}") = "FlowFi.Common", "shared\FlowFi.Common\FlowFi.Common.csproj", "{56E45E2C-EE2C-4B07-AEBE-C87FC93EB9EB}"
EndProject
Project("{FAE04EC0-301F-11D3-BF4B-00C04F79EFBC}") = "FlowFi.EventBus", "shared\FlowFi.EventBus\FlowFi.EventBus.csproj", "{F36E39EB-58D0-4535-A82F-091E72EEF6C2}"
EndProject
Project("{FAE04EC0-301F-11D3-BF4B-00C04F79EFBC}") = "FlowFi.GrpcContracts", "shared\FlowFi.GrpcContracts\FlowFi.GrpcContracts.csproj", "{E695D974-7519-4200-BF1C-C5F3BD8716B2}"
EndProject
Global
	GlobalSection(SolutionConfigurationPlatforms) = preSolution
		Debug|Any CPU = Debug|Any CPU
		Debug|x64 = Debug|x64
		Debug|x86 = Debug|x86
		Release|Any CPU = Release|Any CPU
		Release|x64 = Release|x64
		Release|x86 = Release|x86
	EndGlobalSection
	GlobalSection(ProjectConfigurationPlatforms) = postSolution
		{3E5DAFA1-FAA5-4B71-A7FD-6884286521C4}.Debug|Any CPU.ActiveCfg = Debug|Any CPU
		{3E5DAFA1-FAA5-4B71-A7FD-6884286521C4}.Debug|Any CPU.Build.0 = Debug|Any CPU
		{3E5DAFA1-FAA5-4B71-A7FD-6884286521C4}.Debug|x64.ActiveCfg = Debug|Any CPU
		{3E5DAFA1-FAA5-4B71-A7FD-6884286521C4}.Debug|x64.Build.0 = Debug|Any CPU
		{3E5DAFA1-FAA5-4B71-A7FD-6884286521C4}.Debug|x86.ActiveCfg = Debug|Any CPU
		{3E5DAFA1-FAA5-4B71-A7FD-6884286521C4}.Debug|x86.Build.0 = Debug|Any CPU
		{3E5DAFA1-FAA5-4B71-A7FD-6884286521C4}.Release|Any CPU.ActiveCfg = Release|Any CPU
		{3E5DAFA1-FAA5-4B71-A7FD-6884286521C4}.Release|Any CPU.Build.0 = Release|Any CPU
		{3E5DAFA1-FAA5-4B71-A7FD-6884286521C4}.Release|x64.ActiveCfg = Release|Any CPU
		{3E5DAFA1-FAA5-4B71-A7FD-6884286521C4}.Release|x64.Build.0 = Release|Any CPU
		{3E5DAFA1-FAA5-4B71-A7FD-6884286521C4}.Release|x86.ActiveCfg = Release|Any CPU
		{3E5DAFA1-FAA5-4B71-A7FD-6884286521C4}.Release|x86.Build.0 = Release|Any CPU
		{DC202B48-3203-4A2B-9FC3-53CD75FD5012}.Debug|Any CPU.ActiveCfg = Debug|Any CPU
		{DC202B48-3203-4A2B-9FC3-53CD75FD5012}.Debug|Any CPU.Build.0 = Debug|Any CPU
		{DC202B48-3203-4A2B-9FC3-53CD75FD5012}.Debug|x64.ActiveCfg = Debug|Any CPU
		{DC202B48-3203-4A2B-9FC3-53CD75FD5012}.Debug|x64.Build.0 = Debug|Any CPU
		{DC202B48-3203-4A2B-9FC3-53CD75FD5012}.Debug|x86.ActiveCfg = Debug|Any CPU
		{DC202B48-3203-4A2B-9FC3-53CD75FD5012}.Debug|x86.Build.0 = Debug|Any CPU
		{DC202B48-3203-4A2B-9FC3-53CD75FD5012}.Release|Any CPU.ActiveCfg = Release|Any CPU
		{DC202B48-3203-4A2B-9FC3-53CD75FD5012}.Release|Any CPU.Build.0 = Release|Any CPU
		{DC202B48-3203-4A2B-9FC3-53CD75FD5012}.Release|x64.ActiveCfg = Release|Any CPU
		{DC202B48-3203-4A2B-9FC3-53CD75FD5012}.Release|x64.Build.0 = Release|Any CPU
		{DC202B48-3203-4A2B-9FC3-53CD75FD5012}.Release|x86.ActiveCfg = Release|Any CPU
		{DC202B48-3203-4A2B-9FC3-53CD75FD5012}.Release|x86.Build.0 = Release|Any CPU
		{E4548B80-6C45-4C06-93FC-7D0C280E8F61}.Debug|Any CPU.ActiveCfg = Debug|Any CPU
		{E4548B80-6C45-4C06-93FC-7D0C280E8F61}.Debug|Any CPU.Build.0 = Debug|Any CPU
		{E4548B80-6C45-4C06-93FC-7D0C280E8F61}.Debug|x64.ActiveCfg = Debug|Any CPU
		{E4548B80-6C45-4C06-93FC-7D0C280E8F61}.Debug|x64.Build.0 = Debug|Any CPU
		{E4548B80-6C45-4C06-93FC-7D0C280E8F61}.Debug|x86.ActiveCfg = Debug|Any CPU
		{E4548B80-6C45-4C06-93FC-7D0C280E8F61}.Debug|x86.Build.0 = Debug|Any CPU
		{E4548B80-6C45-4C06-93FC-7D0C280E8F61}.Release|Any CPU.ActiveCfg = Release|Any CPU
		{E4548B80-6C45-4C06-93FC-7D0C280E8F61}.Release|Any CPU.Build.0 = Release|Any CPU
		{E4548B80-6C45-4C06-93FC-7D0C280E8F61}.Release|x64.ActiveCfg = Release|Any CPU
		{E4548B80-6C45-4C06-93FC-7D0C280E8F61}.Release|x64.Build.0 = Release|Any CPU
		{E4548B80-6C45-4C06-93FC-7D0C280E8F61}.Release|x86.ActiveCfg = Release|Any CPU
		{E4548B80-6C45-4C06-93FC-7D0C280E8F61}.Release|x86.Build.0 = Release|Any CPU
		{064E6847-47C4-435F-877E-864192525C0E}.Debug|Any CPU.ActiveCfg = Debug|Any CPU
		{064E6847-47C4-435F-877E-864192525C0E}.Debug|Any CPU.Build.0 = Debug|Any CPU
		{064E6847-47C4-435F-877E-864192525C0E}.Debug|x64.ActiveCfg = Debug|Any CPU
		{064E6847-47C4-435F-877E-864192525C0E}.Debug|x64.Build.0 = Debug|Any CPU
		{064E6847-47C4-435F-877E-864192525C0E}.Debug|x86.ActiveCfg = Debug|Any CPU
		{064E6847-47C4-435F-877E-864192525C0E}.Debug|x86.Build.0 = Debug|Any CPU
		{064E6847-47C4-435F-877E-864192525C0E}.Release|Any CPU.ActiveCfg = Release|Any CPU
		{064E6847-47C4-435F-877E-864192525C0E}.Release|Any CPU.Build.0 = Release|Any CPU
		{064E6847-47C4-435F-877E-864192525C0E}.Release|x64.ActiveCfg = Release|Any CPU
		{064E6847-47C4-435F-877E-864192525C0E}.Release|x64.Build.0 = Release|Any CPU
		{064E6847-47C4-435F-877E-864192525C0E}.Release|x86.ActiveCfg = Release|Any CPU
		{064E6847-47C4-435F-877E-864192525C0E}.Release|x86.Build.0 = Release|Any CPU
		{D4159156-8FB0-4B2A-B641-B52A2976E62D}.Debug|Any CPU.ActiveCfg = Debug|Any CPU
		{D4159156-8FB0-4B2A-B641-B52A2976E62D}.Debug|Any CPU.Build.0 = Debug|Any CPU
		{D4159156-8FB0-4B2A-B641-B52A2976E62D}.Debug|x64.ActiveCfg = Debug|Any CPU
		{D4159156-8FB0-4B2A-B641-B52A2976E62D}.Debug|x64.Build.0 = Debug|Any CPU
		{D4159156-8FB0-4B2A-B641-B52A2976E62D}.Debug|x86.ActiveCfg = Debug|Any CPU
		{D4159156-8FB0-4B2A-B641-B52A2976E62D}.Debug|x86.Build.0 = Debug|Any CPU
		{D4159156-8FB0-4B2A-B641-B52A2976E62D}.Release|Any CPU.ActiveCfg = Release|Any CPU
		{D4159156-8FB0-4B2A-B641-B52A2976E62D}.Release|Any CPU.Build.0 = Release|Any CPU
		{D4159156-8FB0-4B2A-B641-B52A2976E62D}.Release|x64.ActiveCfg = Release|Any CPU
		{D4159156-8FB0-4B2A-B641-B52A2976E62D}.Release|x64.Build.0 = Release|Any CPU
		{D4159156-8FB0-4B2A-B641-B52A2976E62D}.Release|x86.ActiveCfg = Release|Any CPU
		{D4159156-8FB0-4B2A-B641-B52A2976E62D}.Release|x86.Build.0 = Release|Any CPU
		{607D0E36-3F0E-471B-A648-B57B4E9D8694}.Debug|Any CPU.ActiveCfg = Debug|Any CPU
		{607D0E36-3F0E-471B-A648-B57B4E9D8694}.Debug|Any CPU.Build.0 = Debug|Any CPU
		{607D0E36-3F0E-471B-A648-B57B4E9D8694}.Debug|x64.ActiveCfg = Debug|Any CPU
		{607D0E36-3F0E-471B-A648-B57B4E9D8694}.Debug|x64.Build.0 = Debug|Any CPU
		{607D0E36-3F0E-471B-A648-B57B4E9D8694}.Debug|x86.ActiveCfg = Debug|Any CPU
		{607D0E36-3F0E-471B-A648-B57B4E9D8694}.Debug|x86.Build.0 = Debug|Any CPU
		{607D0E36-3F0E-471B-A648-B57B4E9D8694}.Release|Any CPU.ActiveCfg = Release|Any CPU
		{607D0E36-3F0E-471B-A648-B57B4E9D8694}.Release|Any CPU.Build.0 = Release|Any CPU
		{607D0E36-3F0E-471B-A648-B57B4E9D8694}.Release|x64.ActiveCfg = Release|Any CPU
		{607D0E36-3F0E-471B-A648-B57B4E9D8694}.Release|x64.Build.0 = Release|Any CPU
		{607D0E36-3F0E-471B-A648-B57B4E9D8694}.Release|x86.ActiveCfg = Release|Any CPU
		{607D0E36-3F0E-471B-A648-B57B4E9D8694}.Release|x86.Build.0 = Release|Any CPU
		{3E030A3E-0038-4A06-8915-99539B07D8AD}.Debug|Any CPU.ActiveCfg = Debug|Any CPU
		{3E030A3E-0038-4A06-8915-99539B07D8AD}.Debug|Any CPU.Build.0 = Debug|Any CPU
		{3E030A3E-0038-4A06-8915-99539B07D8AD}.Debug|x64.ActiveCfg = Debug|Any CPU
		{3E030A3E-0038-4A06-8915-99539B07D8AD}.Debug|x64.Build.0 = Debug|Any CPU
		{3E030A3E-0038-4A06-8915-99539B07D8AD}.Debug|x86.ActiveCfg = Debug|Any CPU
		{3E030A3E-0038-4A06-8915-99539B07D8AD}.Debug|x86.Build.0 = Debug|Any CPU
		{3E030A3E-0038-4A06-8915-99539B07D8AD}.Release|Any CPU.ActiveCfg = Release|Any CPU
		{3E030A3E-0038-4A06-8915-99539B07D8AD}.Release|Any CPU.Build.0 = Release|Any CPU
		{3E030A3E-0038-4A06-8915-99539B07D8AD}.Release|x64.ActiveCfg = Release|Any CPU
		{3E030A3E-0038-4A06-8915-99539B07D8AD}.Release|x64.Build.0 = Release|Any CPU
		{3E030A3E-0038-4A06-8915-99539B07D8AD}.Release|x86.ActiveCfg = Release|Any CPU
		{3E030A3E-0038-4A06-8915-99539B07D8AD}.Release|x86.Build.0 = Release|Any CPU
		{D3913E97-C676-42DD-800D-F2EB037FA9DC}.Debug|Any CPU.ActiveCfg = Debug|Any CPU
		{D3913E97-C676-42DD-800D-F2EB037FA9DC}.Debug|Any CPU.Build.0 = Debug|Any CPU
		{D3913E97-C676-42DD-800D-F2EB037FA9DC}.Debug|x64.ActiveCfg = Debug|Any CPU
		{D3913E97-C676-42DD-800D-F2EB037FA9DC}.Debug|x64.Build.0 = Debug|Any CPU
		{D3913E97-C676-42DD-800D-F2EB037FA9DC}.Debug|x86.ActiveCfg = Debug|Any CPU
		{D3913E97-C676-42DD-800D-F2EB037FA9DC}.Debug|x86.Build.0 = Debug|Any CPU
		{D3913E97-C676-42DD-800D-F2EB037FA9DC}.Release|Any CPU.ActiveCfg = Release|Any CPU
		{D3913E97-C676-42DD-800D-F2EB037FA9DC}.Release|Any CPU.Build.0 = Release|Any CPU
		{D3913E97-C676-42DD-800D-F2EB037FA9DC}.Release|x64.ActiveCfg = Release|Any CPU
		{D3913E97-C676-42DD-800D-F2EB037FA9DC}.Release|x64.Build.0 = Release|Any CPU
		{D3913E97-C676-42DD-800D-F2EB037FA9DC}.Release|x86.ActiveCfg = Release|Any CPU
		{D3913E97-C676-42DD-800D-F2EB037FA9DC}.Release|x86.Build.0 = Release|Any CPU
		{56E45E2C-EE2C-4B07-AEBE-C87FC93EB9EB}.Debug|Any CPU.ActiveCfg = Debug|Any CPU
		{56E45E2C-EE2C-4B07-AEBE-C87FC93EB9EB}.Debug|Any CPU.Build.0 = Debug|Any CPU
		{56E45E2C-EE2C-4B07-AEBE-C87FC93EB9EB}.Debug|x64.ActiveCfg = Debug|Any CPU
		{56E45E2C-EE2C-4B07-AEBE-C87FC93EB9EB}.Debug|x64.Build.0 = Debug|Any CPU
		{56E45E2C-EE2C-4B07-AEBE-C87FC93EB9EB}.Debug|x86.ActiveCfg = Debug|Any CPU
		{56E45E2C-EE2C-4B07-AEBE-C87FC93EB9EB}.Debug|x86.Build.0 = Debug|Any CPU
		{56E45E2C-EE2C-4B07-AEBE-C87FC93EB9EB}.Release|Any CPU.ActiveCfg = Release|Any CPU
		{56E45E2C-EE2C-4B07-AEBE-C87FC93EB9EB}.Release|Any CPU.Build.0 = Release|Any CPU
		{56E45E2C-EE2C-4B07-AEBE-C87FC93EB9EB}.Release|x64.ActiveCfg = Release|Any CPU
		{56E45E2C-EE2C-4B07-AEBE-C87FC93EB9EB}.Release|x64.Build.0 = Release|Any CPU
		{56E45E2C-EE2C-4B07-AEBE-C87FC93EB9EB}.Release|x86.ActiveCfg = Release|Any CPU
		{56E45E2C-EE2C-4B07-AEBE-C87FC93EB9EB}.Release|x86.Build.0 = Release|Any CPU
		{F36E39EB-58D0-4535-A82F-091E72EEF6C2}.Debug|Any CPU.ActiveCfg = Debug|Any CPU
		{F36E39EB-58D0-4535-A82F-091E72EEF6C2}.Debug|Any CPU.Build.0 = Debug|Any CPU
		{F36E39EB-58D0-4535-A82F-091E72EEF6C2}.Debug|x64.ActiveCfg = Debug|Any CPU
		{F36E39EB-58D0-4535-A82F-091E72EEF6C2}.Debug|x64.Build.0 = Debug|Any CPU
		{F36E39EB-58D0-4535-A82F-091E72EEF6C2}.Debug|x86.ActiveCfg = Debug|Any CPU
		{F36E39EB-58D0-4535-A82F-091E72EEF6C2}.Debug|x86.Build.0 = Debug|Any CPU
		{F36E39EB-58D0-4535-A82F-091E72EEF6C2}.Release|Any CPU.ActiveCfg = Release|Any CPU
		{F36E39EB-58D0-4535-A82F-091E72EEF6C2}.Release|Any CPU.Build.0 = Release|Any CPU
		{F36E39EB-58D0-4535-A82F-091E72EEF6C2}.Release|x64.ActiveCfg = Release|Any CPU
		{F36E39EB-58D0-4535-A82F-091E72EEF6C2}.Release|x64.Build.0 = Release|Any CPU
		{F36E39EB-58D0-4535-A82F-091E72EEF6C2}.Release|x86.ActiveCfg = Release|Any CPU
		{F36E39EB-58D0-4535-A82F-091E72EEF6C2}.Release|x86.Build.0 = Release|Any CPU
		{E695D974-7519-4200-BF1C-C5F3BD8716B2}.Debug|Any CPU.ActiveCfg = Debug|Any CPU
		{E695D974-7519-4200-BF1C-C5F3BD8716B2}.Debug|Any CPU.Build.0 = Debug|Any CPU
		{E695D974-7519-4200-BF1C-C5F3BD8716B2}.Debug|x64.ActiveCfg = Debug|Any CPU
		{E695D974-7519-4200-BF1C-C5F3BD8716B2}.Debug|x64.Build.0 = Debug|Any CPU
		{E695D974-7519-4200-BF1C-C5F3BD8716B2}.Debug|x86.ActiveCfg = Debug|Any CPU
		{E695D974-7519-4200-BF1C-C5F3BD8716B2}.Debug|x86.Build.0 = Debug|Any CPU
		{E695D974-7519-4200-BF1C-C5F3BD8716B2}.Release|Any CPU.ActiveCfg = Release|Any CPU
		{E695D974-7519-4200-BF1C-C5F3BD8716B2}.Release|Any CPU.Build.0 = Release|Any CPU
		{E695D974-7519-4200-BF1C-C5F3BD8716B2}.Release|x64.ActiveCfg = Release|Any CPU
		{E695D974-7519-4200-BF1C-C5F3BD8716B2}.Release|x64.Build.0 = Release|Any CPU
		{E695D974-7519-4200-BF1C-C5F3BD8716B2}.Release|x86.ActiveCfg = Release|Any CPU
		{E695D974-7519-4200-BF1C-C5F3BD8716B2}.Release|x86.Build.0 = Release|Any CPU
	EndGlobalSection
	GlobalSection(SolutionProperties) = preSolution
		HideSolutionNode = FALSE
	EndGlobalSection
	GlobalSection(NestedProjects) = preSolution
		{3E5DAFA1-FAA5-4B71-A7FD-6884286521C4} = {827E0CD3-B72D-47B6-A68D-7590B98EB39B}
		{DC202B48-3203-4A2B-9FC3-53CD75FD5012} = {827E0CD3-B72D-47B6-A68D-7590B98EB39B}
		{E4548B80-6C45-4C06-93FC-7D0C280E8F61} = {827E0CD3-B72D-47B6-A68D-7590B98EB39B}
		{064E6847-47C4-435F-877E-864192525C0E} = {827E0CD3-B72D-47B6-A68D-7590B98EB39B}
		{D4159156-8FB0-4B2A-B641-B52A2976E62D} = {827E0CD3-B72D-47B6-A68D-7590B98EB39B}
		{607D0E36-3F0E-471B-A648-B57B4E9D8694} = {827E0CD3-B72D-47B6-A68D-7590B98EB39B}
		{3E030A3E-0038-4A06-8915-99539B07D8AD} = {827E0CD3-B72D-47B6-A68D-7590B98EB39B}
		{D3913E97-C676-42DD-800D-F2EB037FA9DC} = {B8E44D18-81B9-4EAB-9B39-26A7DBF26608}
		{56E45E2C-EE2C-4B07-AEBE-C87FC93EB9EB} = {B8E44D18-81B9-4EAB-9B39-26A7DBF26608}
		{F36E39EB-58D0-4535-A82F-091E72EEF6C2} = {B8E44D18-81B9-4EAB-9B39-26A7DBF26608}
		{E695D974-7519-4200-BF1C-C5F3BD8716B2} = {B8E44D18-81B9-4EAB-9B39-26A7DBF26608}
	EndGlobalSection
EndGlobal
